// !$*UTF8*$!
{
	archiveVersion = 1;
	classes = {
	};
	objectVersion = 46;
	objects = {

/* Begin PBXBuildFile section */
		151D85351D90647200E62A06 /* Business.swift in Sources */ = {isa = PBXBuildFile; fileRef = 151D85341D90647200E62A06 /* Business.swift */; };
		153098F31D9481E800924091 /* ReviewCell.swift in Sources */ = {isa = PBXBuildFile; fileRef = 153098F21D9481E800924091 /* ReviewCell.swift */; };
		153098F51D9481F800924091 /* ImagesCell.swift in Sources */ = {isa = PBXBuildFile; fileRef = 153098F41D9481F800924091 /* ImagesCell.swift */; };
		153098F71D94831500924091 /* Review.swift in Sources */ = {isa = PBXBuildFile; fileRef = 153098F61D94831500924091 /* Review.swift */; };
		154745571D8CBDD90026FED9 /* AppDelegate.swift in Sources */ = {isa = PBXBuildFile; fileRef = 154745561D8CBDD90026FED9 /* AppDelegate.swift */; };
		1547455C1D8CBDD90026FED9 /* Main.storyboard in Resources */ = {isa = PBXBuildFile; fileRef = 1547455A1D8CBDD90026FED9 /* Main.storyboard */; };
		1547455E1D8CBDD90026FED9 /* Assets.xcassets in Resources */ = {isa = PBXBuildFile; fileRef = 1547455D1D8CBDD90026FED9 /* Assets.xcassets */; };
		154745611D8CBDD90026FED9 /* LaunchScreen.storyboard in Resources */ = {isa = PBXBuildFile; fileRef = 1547455F1D8CBDD90026FED9 /* LaunchScreen.storyboard */; };
		1547456A1D8CBE220026FED9 /* AllLocationsViewController.swift in Sources */ = {isa = PBXBuildFile; fileRef = 154745691D8CBE220026FED9 /* AllLocationsViewController.swift */; };
		1547456D1D8CBE5D0026FED9 /* LocationCell.swift in Sources */ = {isa = PBXBuildFile; fileRef = 1547456C1D8CBE5D0026FED9 /* LocationCell.swift */; };
		1552D78A1D945BA500A24245 /* MapLocation.swift in Sources */ = {isa = PBXBuildFile; fileRef = 1552D7891D945BA500A24245 /* MapLocation.swift */; };
		156F1EF91D959A1D002E68DF /* BusinessImage.swift in Sources */ = {isa = PBXBuildFile; fileRef = 156F1EF81D959A1D002E68DF /* BusinessImage.swift */; };
		15CC10EF1D94201F007AE9C3 /* LocationDetailsViewController.swift in Sources */ = {isa = PBXBuildFile; fileRef = 15CC10EE1D94201F007AE9C3 /* LocationDetailsViewController.swift */; };
		DEB274481DA377530061D052 /* Configuration.swift in Sources */ = {isa = PBXBuildFile; fileRef = DEB274471DA377530061D052 /* Configuration.swift */; };
/* End PBXBuildFile section */

/* Begin PBXCopyFilesBuildPhase section */
		DEB274461DA377310061D052 /* Embed Frameworks */ = {
			isa = PBXCopyFilesBuildPhase;
			buildActionMask = 2147483647;
			dstPath = "";
			dstSubfolderSpec = 10;
			files = (
			);
			name = "Embed Frameworks";
			runOnlyForDeploymentPostprocessing = 0;
		};
/* End PBXCopyFilesBuildPhase section */

/* Begin PBXFileReference section */
		151D85341D90647200E62A06 /* Business.swift */ = {isa = PBXFileReference; fileEncoding = 4; lastKnownFileType = sourcecode.swift; path = Business.swift; sourceTree = "<group>"; };
		153098F21D9481E800924091 /* ReviewCell.swift */ = {isa = PBXFileReference; fileEncoding = 4; lastKnownFileType = sourcecode.swift; path = ReviewCell.swift; sourceTree = "<group>"; };
		153098F41D9481F800924091 /* ImagesCell.swift */ = {isa = PBXFileReference; fileEncoding = 4; lastKnownFileType = sourcecode.swift; path = ImagesCell.swift; sourceTree = "<group>"; };
		153098F61D94831500924091 /* Review.swift */ = {isa = PBXFileReference; fileEncoding = 4; lastKnownFileType = sourcecode.swift; path = Review.swift; sourceTree = "<group>"; };
		154745531D8CBDD90026FED9 /* GoDonut.app */ = {isa = PBXFileReference; explicitFileType = wrapper.application; includeInIndex = 0; path = GoDonut.app; sourceTree = BUILT_PRODUCTS_DIR; };
		154745561D8CBDD90026FED9 /* AppDelegate.swift */ = {isa = PBXFileReference; lastKnownFileType = sourcecode.swift; path = AppDelegate.swift; sourceTree = "<group>"; };
		1547455B1D8CBDD90026FED9 /* Base */ = {isa = PBXFileReference; lastKnownFileType = file.storyboard; name = Base; path = Base.lproj/Main.storyboard; sourceTree = "<group>"; };
		1547455D1D8CBDD90026FED9 /* Assets.xcassets */ = {isa = PBXFileReference; lastKnownFileType = folder.assetcatalog; path = Assets.xcassets; sourceTree = "<group>"; };
		154745601D8CBDD90026FED9 /* Base */ = {isa = PBXFileReference; lastKnownFileType = file.storyboard; name = Base; path = Base.lproj/LaunchScreen.storyboard; sourceTree = "<group>"; };
		154745621D8CBDD90026FED9 /* Info.plist */ = {isa = PBXFileReference; lastKnownFileType = text.plist.xml; path = Info.plist; sourceTree = "<group>"; };
		154745691D8CBE220026FED9 /* AllLocationsViewController.swift */ = {isa = PBXFileReference; fileEncoding = 4; lastKnownFileType = sourcecode.swift; path = AllLocationsViewController.swift; sourceTree = "<group>"; };
		1547456C1D8CBE5D0026FED9 /* LocationCell.swift */ = {isa = PBXFileReference; fileEncoding = 4; lastKnownFileType = sourcecode.swift; path = LocationCell.swift; sourceTree = "<group>"; };
		1552D7891D945BA500A24245 /* MapLocation.swift */ = {isa = PBXFileReference; fileEncoding = 4; lastKnownFileType = sourcecode.swift; path = MapLocation.swift; sourceTree = "<group>"; };
		156F1EF81D959A1D002E68DF /* BusinessImage.swift */ = {isa = PBXFileReference; fileEncoding = 4; lastKnownFileType = sourcecode.swift; path = BusinessImage.swift; sourceTree = "<group>"; };
		15CC10EE1D94201F007AE9C3 /* LocationDetailsViewController.swift */ = {isa = PBXFileReference; fileEncoding = 4; lastKnownFileType = sourcecode.swift; path = LocationDetailsViewController.swift; sourceTree = "<group>"; };
		DEB274471DA377530061D052 /* Configuration.swift */ = {isa = PBXFileReference; fileEncoding = 4; lastKnownFileType = sourcecode.swift; path = Configuration.swift; sourceTree = "<group>"; };
/* End PBXFileReference section */

/* Begin PBXFrameworksBuildPhase section */
		154745501D8CBDD90026FED9 /* Frameworks */ = {
			isa = PBXFrameworksBuildPhase;
			buildActionMask = 2147483647;
			files = (
			);
			runOnlyForDeploymentPostprocessing = 0;
		};
/* End PBXFrameworksBuildPhase section */

/* Begin PBXGroup section */
		1547454A1D8CBDD90026FED9 = {
			isa = PBXGroup;
			children = (
				154745551D8CBDD90026FED9 /* GoDonut */,
				154745541D8CBDD90026FED9 /* Products */,
			);
			sourceTree = "<group>";
		};
		154745541D8CBDD90026FED9 /* Products */ = {
			isa = PBXGroup;
			children = (
				154745531D8CBDD90026FED9 /* GoDonut.app */,
			);
			name = Products;
			sourceTree = "<group>";
		};
		154745551D8CBDD90026FED9 /* GoDonut */ = {
			isa = PBXGroup;
			children = (
				DEB274351DA376EF0061D052 /* Frameworks */,
				155126F41D8F02C0000A8496 /* Data */,
				1547456B1D8CBE2E0026FED9 /* Views */,
				154745681D8CBE000026FED9 /* ViewControllers */,
				154745561D8CBDD90026FED9 /* AppDelegate.swift */,
				1547455A1D8CBDD90026FED9 /* Main.storyboard */,
				1547455D1D8CBDD90026FED9 /* Assets.xcassets */,
				1547455F1D8CBDD90026FED9 /* LaunchScreen.storyboard */,
				154745621D8CBDD90026FED9 /* Info.plist */,
			);
			path = GoDonut;
			sourceTree = "<group>";
		};
		154745681D8CBE000026FED9 /* ViewControllers */ = {
			isa = PBXGroup;
			children = (
				154745691D8CBE220026FED9 /* AllLocationsViewController.swift */,
				15CC10EE1D94201F007AE9C3 /* LocationDetailsViewController.swift */,
			);
			name = ViewControllers;
			sourceTree = "<group>";
		};
		1547456B1D8CBE2E0026FED9 /* Views */ = {
			isa = PBXGroup;
			children = (
				1547456C1D8CBE5D0026FED9 /* LocationCell.swift */,
				153098F21D9481E800924091 /* ReviewCell.swift */,
				153098F41D9481F800924091 /* ImagesCell.swift */,
			);
			name = Views;
			sourceTree = "<group>";
		};
		155126F41D8F02C0000A8496 /* Data */ = {
			isa = PBXGroup;
			children = (
				151D85341D90647200E62A06 /* Business.swift */,
				153098F61D94831500924091 /* Review.swift */,
				1552D7891D945BA500A24245 /* MapLocation.swift */,
				156F1EF81D959A1D002E68DF /* BusinessImage.swift */,
				DEB274471DA377530061D052 /* Configuration.swift */,
			);
			name = Data;
			sourceTree = "<group>";
		};
		DEB274351DA376EF0061D052 /* Frameworks */ = {
			isa = PBXGroup;
			children = (
			);
			name = Frameworks;
			sourceTree = "<group>";
		};
/* End PBXGroup section */

/* Begin PBXNativeTarget section */
		154745521D8CBDD90026FED9 /* GoDonut */ = {
			isa = PBXNativeTarget;
			buildConfigurationList = 154745651D8CBDD90026FED9 /* Build configuration list for PBXNativeTarget "GoDonut" */;
			buildPhases = (
				1547454F1D8CBDD90026FED9 /* Sources */,
				154745501D8CBDD90026FED9 /* Frameworks */,
				154745511D8CBDD90026FED9 /* Resources */,
				DEB274461DA377310061D052 /* Embed Frameworks */,
			);
			buildRules = (
			);
			dependencies = (
			);
			name = GoDonut;
			productName = GoDonut;
			productReference = 154745531D8CBDD90026FED9 /* GoDonut.app */;
			productType = "com.apple.product-type.application";
		};
/* End PBXNativeTarget section */

/* Begin PBXProject section */
		1547454B1D8CBDD90026FED9 /* Project object */ = {
			isa = PBXProject;
			attributes = {
				LastSwiftUpdateCheck = 0800;
				LastUpgradeCheck = 0800;
				ORGANIZATIONNAME = "Brandon Ballentine";
				TargetAttributes = {
					154745521D8CBDD90026FED9 = {
						CreatedOnToolsVersion = 8.0;
						DevelopmentTeam = 5JBF7MD4UT;
						ProvisioningStyle = Automatic;
					};
				};
			};
			buildConfigurationList = 1547454E1D8CBDD90026FED9 /* Build configuration list for PBXProject "GoDonut" */;
			compatibilityVersion = "Xcode 3.2";
			developmentRegion = English;
			hasScannedForEncodings = 0;
			knownRegions = (
				en,
				Base,
			);
			mainGroup = 1547454A1D8CBDD90026FED9;
			productRefGroup = 154745541D8CBDD90026FED9 /* Products */;
			projectDirPath = "";
			projectRoot = "";
			targets = (
				154745521D8CBDD90026FED9 /* GoDonut */,
			);
		};
/* End PBXProject section */

/* Begin PBXResourcesBuildPhase section */
		154745511D8CBDD90026FED9 /* Resources */ = {
			isa = PBXResourcesBuildPhase;
			buildActionMask = 2147483647;
			files = (
				154745611D8CBDD90026FED9 /* LaunchScreen.storyboard in Resources */,
				1547455E1D8CBDD90026FED9 /* Assets.xcassets in Resources */,
				1547455C1D8CBDD90026FED9 /* Main.storyboard in Resources */,
			);
			runOnlyForDeploymentPostprocessing = 0;
		};
/* End PBXResourcesBuildPhase section */

/* Begin PBXSourcesBuildPhase section */
		1547454F1D8CBDD90026FED9 /* Sources */ = {
			isa = PBXSourcesBuildPhase;
			buildActionMask = 2147483647;
			files = (
				156F1EF91D959A1D002E68DF /* BusinessImage.swift in Sources */,
				1552D78A1D945BA500A24245 /* MapLocation.swift in Sources */,
				15CC10EF1D94201F007AE9C3 /* LocationDetailsViewController.swift in Sources */,
				153098F51D9481F800924091 /* ImagesCell.swift in Sources */,
				1547456D1D8CBE5D0026FED9 /* LocationCell.swift in Sources */,
				153098F71D94831500924091 /* Review.swift in Sources */,
				1547456A1D8CBE220026FED9 /* AllLocationsViewController.swift in Sources */,
				153098F31D9481E800924091 /* ReviewCell.swift in Sources */,
				151D85351D90647200E62A06 /* Business.swift in Sources */,
				154745571D8CBDD90026FED9 /* AppDelegate.swift in Sources */,
				DEB274481DA377530061D052 /* Configuration.swift in Sources */,
			);
			runOnlyForDeploymentPostprocessing = 0;
		};
/* End PBXSourcesBuildPhase section */

/* Begin PBXVariantGroup section */
		1547455A1D8CBDD90026FED9 /* Main.storyboard */ = {
			isa = PBXVariantGroup;
			children = (
				1547455B1D8CBDD90026FED9 /* Base */,
			);
			name = Main.storyboard;
			sourceTree = "<group>";
		};
		1547455F1D8CBDD90026FED9 /* LaunchScreen.storyboard */ = {
			isa = PBXVariantGroup;
			children = (
				154745601D8CBDD90026FED9 /* Base */,
			);
			name = LaunchScreen.storyboard;
			sourceTree = "<group>";
		};
/* End PBXVariantGroup section */

/* Begin XCBuildConfiguration section */
		154745631D8CBDD90026FED9 /* Debug */ = {
			isa = XCBuildConfiguration;
			buildSettings = {
				ALWAYS_SEARCH_USER_PATHS = NO;
				CLANG_ANALYZER_NONNULL = YES;
				CLANG_CXX_LANGUAGE_STANDARD = "gnu++0x";
				CLANG_CXX_LIBRARY = "libc++";
				CLANG_ENABLE_MODULES = YES;
				CLANG_ENABLE_OBJC_ARC = YES;
				CLANG_WARN_BOOL_CONVERSION = YES;
				CLANG_WARN_CONSTANT_CONVERSION = YES;
				CLANG_WARN_DIRECT_OBJC_ISA_USAGE = YES_ERROR;
				CLANG_WARN_DOCUMENTATION_COMMENTS = YES;
				CLANG_WARN_EMPTY_BODY = YES;
				CLANG_WARN_ENUM_CONVERSION = YES;
				CLANG_WARN_INFINITE_RECURSION = YES;
				CLANG_WARN_INT_CONVERSION = YES;
				CLANG_WARN_OBJC_ROOT_CLASS = YES_ERROR;
				CLANG_WARN_SUSPICIOUS_MOVES = YES;
				CLANG_WARN_UNREACHABLE_CODE = YES;
				CLANG_WARN__DUPLICATE_METHOD_MATCH = YES;
				"CODE_SIGN_IDENTITY[sdk=iphoneos*]" = "iPhone Developer";
				COPY_PHASE_STRIP = NO;
				DEBUG_INFORMATION_FORMAT = dwarf;
				ENABLE_STRICT_OBJC_MSGSEND = YES;
				ENABLE_TESTABILITY = YES;
				GCC_C_LANGUAGE_STANDARD = gnu99;
				GCC_DYNAMIC_NO_PIC = NO;
				GCC_NO_COMMON_BLOCKS = YES;
				GCC_OPTIMIZATION_LEVEL = 0;
				GCC_PREPROCESSOR_DEFINITIONS = (
					"DEBUG=1",
					"$(inherited)",
				);
				GCC_WARN_64_TO_32_BIT_CONVERSION = YES;
				GCC_WARN_ABOUT_RETURN_TYPE = YES_ERROR;
				GCC_WARN_UNDECLARED_SELECTOR = YES;
				GCC_WARN_UNINITIALIZED_AUTOS = YES_AGGRESSIVE;
				GCC_WARN_UNUSED_FUNCTION = YES;
				GCC_WARN_UNUSED_VARIABLE = YES;
				IPHONEOS_DEPLOYMENT_TARGET = 10.0;
				MTL_ENABLE_DEBUG_INFO = YES;
				ONLY_ACTIVE_ARCH = YES;
				SDKROOT = iphoneos;
				SWIFT_ACTIVE_COMPILATION_CONDITIONS = DEBUG;
				SWIFT_OPTIMIZATION_LEVEL = "-Onone";
			};
			name = Debug;
		};
		154745641D8CBDD90026FED9 /* Release */ = {
			isa = XCBuildConfiguration;
			buildSettings = {
				ALWAYS_SEARCH_USER_PATHS = NO;
				CLANG_ANALYZER_NONNULL = YES;
				CLANG_CXX_LANGUAGE_STANDARD = "gnu++0x";
				CLANG_CXX_LIBRARY = "libc++";
				CLANG_ENABLE_MODULES = YES;
				CLANG_ENABLE_OBJC_ARC = YES;
				CLANG_WARN_BOOL_CONVERSION = YES;
				CLANG_WARN_CONSTANT_CONVERSION = YES;
				CLANG_WARN_DIRECT_OBJC_ISA_USAGE = YES_ERROR;
				CLANG_WARN_DOCUMENTATION_COMMENTS = YES;
				CLANG_WARN_EMPTY_BODY = YES;
				CLANG_WARN_ENUM_CONVERSION = YES;
				CLANG_WARN_INFINITE_RECURSION = YES;
				CLANG_WARN_INT_CONVERSION = YES;
				CLANG_WARN_OBJC_ROOT_CLASS = YES_ERROR;
				CLANG_WARN_SUSPICIOUS_MOVES = YES;
				CLANG_WARN_UNREACHABLE_CODE = YES;
				CLANG_WARN__DUPLICATE_METHOD_MATCH = YES;
				"CODE_SIGN_IDENTITY[sdk=iphoneos*]" = "iPhone Developer";
				COPY_PHASE_STRIP = NO;
				DEBUG_INFORMATION_FORMAT = "dwarf-with-dsym";
				ENABLE_NS_ASSERTIONS = NO;
				ENABLE_STRICT_OBJC_MSGSEND = YES;
				GCC_C_LANGUAGE_STANDARD = gnu99;
				GCC_NO_COMMON_BLOCKS = YES;
				GCC_WARN_64_TO_32_BIT_CONVERSION = YES;
				GCC_WARN_ABOUT_RETURN_TYPE = YES_ERROR;
				GCC_WARN_UNDECLARED_SELECTOR = YES;
				GCC_WARN_UNINITIALIZED_AUTOS = YES_AGGRESSIVE;
				GCC_WARN_UNUSED_FUNCTION = YES;
				GCC_WARN_UNUSED_VARIABLE = YES;
				IPHONEOS_DEPLOYMENT_TARGET = 10.0;
				MTL_ENABLE_DEBUG_INFO = NO;
				SDKROOT = iphoneos;
				SWIFT_OPTIMIZATION_LEVEL = "-Owholemodule";
				VALIDATE_PRODUCT = YES;
			};
			name = Release;
		};
		154745661D8CBDD90026FED9 /* Debug */ = {
			isa = XCBuildConfiguration;
			buildSettings = {
				ASSETCATALOG_COMPILER_APPICON_NAME = AppIcon;
				DEVELOPMENT_TEAM = 5JBF7MD4UT;
				FRAMEWORK_SEARCH_PATHS = (
					"$(inherited)",
					"$(PROJECT_DIR)/GoDonut",
				);
				INFOPLIST_FILE = GoDonut/Info.plist;
				LD_RUNPATH_SEARCH_PATHS = "$(inherited) @executable_path/Frameworks";
				PRODUCT_BUNDLE_IDENTIFIER = com.brandonballentine.GoDonut;
				PRODUCT_NAME = "$(TARGET_NAME)";
				SWIFT_VERSION = 3.0;
			};
			name = Debug;
		};
		154745671D8CBDD90026FED9 /* Release */ = {
			isa = XCBuildConfiguration;
			buildSettings = {
				ASSETCATALOG_COMPILER_APPICON_NAME = AppIcon;
				DEVELOPMENT_TEAM = 5JBF7MD4UT;
				FRAMEWORK_SEARCH_PATHS = (
					"$(inherited)",
					"$(PROJECT_DIR)/GoDonut",
				);
				INFOPLIST_FILE = GoDonut/Info.plist;
				LD_RUNPATH_SEARCH_PATHS = "$(inherited) @executable_path/Frameworks";
				PRODUCT_BUNDLE_IDENTIFIER = com.brandonballentine.GoDonut;
				PRODUCT_NAME = "$(TARGET_NAME)";
				SWIFT_VERSION = 3.0;
			};
			name = Release;
		};
/* End XCBuildConfiguration section */

/* Begin XCConfigurationList section */
		1547454E1D8CBDD90026FED9 /* Build configuration list for PBXProject "GoDonut" */ = {
			isa = XCConfigurationList;
			buildConfigurations = (
				154745631D8CBDD90026FED9 /* Debug */,
				154745641D8CBDD90026FED9 /* Release */,
			);
			defaultConfigurationIsVisible = 0;
			defaultConfigurationName = Release;
		};
		154745651D8CBDD90026FED9 /* Build configuration list for PBXNativeTarget "GoDonut" */ = {
			isa = XCConfigurationList;
			buildConfigurations = (
				154745661D8CBDD90026FED9 /* Debug */,
				154745671D8CBDD90026FED9 /* Release */,
			);
			defaultConfigurationIsVisible = 0;
			defaultConfigurationName = Release;
		};
/* End XCConfigurationList section */
	};
	rootObject = 1547454B1D8CBDD90026FED9 /* Project object */;
}
